
Microsoft Visual Studio Solution File, Format Version 12.00
# Visual Studio Version 16
VisualStudioVersion = 16.0.30204.135
MinimumVisualStudioVersion = 10.0.40219.1
Project("{9A19103F-16F7-4668-BE54-9A1E7A4F7556}") = "Texnomic.Blazor.hCaptcha", "Texnomic.Blazor.hCaptcha\Texnomic.Blazor.hCaptcha.csproj", "{F211E4CB-9332-4DA9-8B8E-5F979F0D83D2}"
EndProject
Project("{2150E333-8FDC-42A3-9474-1A3956D46DE8}") = "Solution Items", "Solution Items", "{0086DA87-BC03-4D7F-A506-053556037F2F}"
	ProjectSection(SolutionItems) = preProject
		.gitignore = .gitignore
		LICENSE = LICENSE
		README.md = README.md
	EndProjectSection
EndProject
Global
	GlobalSection(SolutionConfigurationPlatforms) = preSolution
		Debug|Any CPU = Debug|Any CPU
		Release|Any CPU = Release|Any CPU
	EndGlobalSection
	GlobalSection(ProjectConfigurationPlatforms) = postSolution
		{F211E4CB-9332-4DA9-8B8E-5F979F0D83D2}.Debug|Any CPU.ActiveCfg = Debug|Any CPU
		{F211E4CB-9332-4DA9-8B8E-5F979F0D83D2}.Debug|Any CPU.Build.0 = Debug|Any CPU
		{F211E4CB-9332-4DA9-8B8E-5F979F0D83D2}.Release|Any CPU.ActiveCfg = Release|Any CPU
		{F211E4CB-9332-4DA9-8B8E-5F979F0D83D2}.Release|Any CPU.Build.0 = Release|Any CPU
	EndGlobalSection
	GlobalSection(SolutionProperties) = preSolution
		HideSolutionNode = FALSE
	EndGlobalSection
	GlobalSection(ExtensibilityGlobals) = postSolution
		SolutionGuid = {611E4F7C-4B11-495E-AF6F-C0C82C88A13F}
	EndGlobalSection
EndGlobal
